// !$*UTF8*$!
{
	archiveVersion = 1;
	classes = {
	};
	objectVersion = 50;
	objects = {

/* Begin PBXBuildFile section */
		1B335AE82409F3160043F3C2 /* AppDelegate.swift in Sources */ = {isa = PBXBuildFile; fileRef = 1B335AE72409F3160043F3C2 /* AppDelegate.swift */; };
		1B335AEA2409F3160043F3C2 /* SceneDelegate.swift in Sources */ = {isa = PBXBuildFile; fileRef = 1B335AE92409F3160043F3C2 /* SceneDelegate.swift */; };
		1B335AEC2409F3160043F3C2 /* ViewController.swift in Sources */ = {isa = PBXBuildFile; fileRef = 1B335AEB2409F3160043F3C2 /* ViewController.swift */; };
		1B335AEF2409F3160043F3C2 /* Main.storyboard in Resources */ = {isa = PBXBuildFile; fileRef = 1B335AED2409F3160043F3C2 /* Main.storyboard */; };
		1B335AF12409F3170043F3C2 /* Assets.xcassets in Resources */ = {isa = PBXBuildFile; fileRef = 1B335AF02409F3170043F3C2 /* Assets.xcassets */; };
		1B335AF42409F3170043F3C2 /* LaunchScreen.storyboard in Resources */ = {isa = PBXBuildFile; fileRef = 1B335AF22409F3170043F3C2 /* LaunchScreen.storyboard */; };
/* End PBXBuildFile section */

/* Begin PBXContainerItemProxy section */
		1B335AFB2409F3170043F3C2 /* PBXContainerItemProxy */ = {
			isa = PBXContainerItemProxy;
			containerPortal = 1B335ADC2409F3160043F3C2 /* Project object */;
			proxyType = 1;
			remoteGlobalIDString = 1B335AE32409F3160043F3C2;
			remoteInfo = JustDoIt;
		};
		1B335B062409F3170043F3C2 /* PBXContainerItemProxy */ = {
			isa = PBXContainerItemProxy;
			containerPortal = 1B335ADC2409F3160043F3C2 /* Project object */;
			proxyType = 1;
			remoteGlobalIDString = 1B335AE32409F3160043F3C2;
			remoteInfo = JustDoIt;
		};
/* End PBXContainerItemProxy section */

/* Begin PBXFileReference section */
		1B335AE42409F3160043F3C2 /* JustDoIt.app */ = {isa = PBXFileReference; explicitFileType = wrapper.application; includeInIndex = 0; path = JustDoIt.app; sourceTree = BUILT_PRODUCTS_DIR; };
		1B335AE72409F3160043F3C2 /* AppDelegate.swift */ = {isa = PBXFileReference; lastKnownFileType = sourcecode.swift; path = AppDelegate.swift; sourceTree = "<group>"; };
		1B335AE92409F3160043F3C2 /* SceneDelegate.swift */ = {isa = PBXFileReference; lastKnownFileType = sourcecode.swift; path = SceneDelegate.swift; sourceTree = "<group>"; };
		1B335AEB2409F3160043F3C2 /* ViewController.swift */ = {isa = PBXFileReference; lastKnownFileType = sourcecode.swift; path = ViewController.swift; sourceTree = "<group>"; };
		1B335AEE2409F3160043F3C2 /* Base */ = {isa = PBXFileReference; lastKnownFileType = file.storyboard; name = Base; path = Base.lproj/Main.storyboard; sourceTree = "<group>"; };
		1B335AF02409F3170043F3C2 /* Assets.xcassets */ = {isa = PBXFileReference; lastKnownFileType = folder.assetcatalog; path = Assets.xcassets; sourceTree = "<group>"; };
		1B335AF32409F3170043F3C2 /* Base */ = {isa = PBXFileReference; lastKnownFileType = file.storyboard; name = Base; path = Base.lproj/LaunchScreen.storyboard; sourceTree = "<group>"; };
		1B335AF52409F3170043F3C2 /* Info.plist */ = {isa = PBXFileReference; lastKnownFileType = text.plist.xml; path = Info.plist; sourceTree = "<group>"; };
		1B335AFA2409F3170043F3C2 /* JustDoItTests.xctest */ = {isa = PBXFileReference; explicitFileType = wrapper.cfbundle; includeInIndex = 0; path = JustDoItTests.xctest; sourceTree = BUILT_PRODUCTS_DIR; };
		1B335B052409F3170043F3C2 /* JustDoItUITests.xctest */ = {isa = PBXFileReference; explicitFileType = wrapper.cfbundle; includeInIndex = 0; path = JustDoItUITests.xctest; sourceTree = BUILT_PRODUCTS_DIR; };
/* End PBXFileReference section */

/* Begin PBXFrameworksBuildPhase section */
		1B335AE12409F3160043F3C2 /* Frameworks */ = {
			isa = PBXFrameworksBuildPhase;
			buildActionMask = 2147483647;
			files = (
			);
			runOnlyForDeploymentPostprocessing = 0;
		};
		1B335AF72409F3170043F3C2 /* Frameworks */ = {
			isa = PBXFrameworksBuildPhase;
			buildActionMask = 2147483647;
			files = (
			);
			runOnlyForDeploymentPostprocessing = 0;
		};
		1B335B022409F3170043F3C2 /* Frameworks */ = {
			isa = PBXFrameworksBuildPhase;
			buildActionMask = 2147483647;
			files = (
			);
			runOnlyForDeploymentPostprocessing = 0;
		};
/* End PBXFrameworksBuildPhase section */

/* Begin PBXGroup section */
		1B335ADB2409F3160043F3C2 = {
			isa = PBXGroup;
			children = (
				1B335AE62409F3160043F3C2 /* JustDoIt */,
				1B335AE52409F3160043F3C2 /* Products */,
			);
			sourceTree = "<group>";
		};
		1B335AE52409F3160043F3C2 /* Products */ = {
			isa = PBXGroup;
			children = (
				1B335AE42409F3160043F3C2 /* JustDoIt.app */,
				1B335AFA2409F3170043F3C2 /* JustDoItTests.xctest */,
				1B335B052409F3170043F3C2 /* JustDoItUITests.xctest */,
			);
			name = Products;
			sourceTree = "<group>";
		};
		1B335AE62409F3160043F3C2 /* JustDoIt */ = {
			isa = PBXGroup;
			children = (
				1B335AE72409F3160043F3C2 /* AppDelegate.swift */,
				1B335AE92409F3160043F3C2 /* SceneDelegate.swift */,
				1B335AEB2409F3160043F3C2 /* ViewController.swift */,
				1B335AED2409F3160043F3C2 /* Main.storyboard */,
				1B335AF02409F3170043F3C2 /* Assets.xcassets */,
				1B335AF22409F3170043F3C2 /* LaunchScreen.storyboard */,
				1B335AF52409F3170043F3C2 /* Info.plist */,
			);
			path = JustDoIt;
			sourceTree = "<group>";
		};
/* End PBXGroup section */

/* Begin PBXNativeTarget section */
		1B335AE32409F3160043F3C2 /* JustDoIt */ = {
			isa = PBXNativeTarget;
			buildConfigurationList = 1B335B0E2409F3170043F3C2 /* Build configuration list for PBXNativeTarget "JustDoIt" */;
			buildPhases = (
				1B335AE02409F3160043F3C2 /* Sources */,
				1B335AE12409F3160043F3C2 /* Frameworks */,
				1B335AE22409F3160043F3C2 /* Resources */,
			);
			buildRules = (
			);
			dependencies = (
			);
			name = JustDoIt;
			productName = JustDoIt;
			productReference = 1B335AE42409F3160043F3C2 /* JustDoIt.app */;
			productType = "com.apple.product-type.application";
		};
		1B335AF92409F3170043F3C2 /* JustDoItTests */ = {
			isa = PBXNativeTarget;
			buildConfigurationList = 1B335B112409F3170043F3C2 /* Build configuration list for PBXNativeTarget "JustDoItTests" */;
			buildPhases = (
				1B335AF62409F3170043F3C2 /* Sources */,
				1B335AF72409F3170043F3C2 /* Frameworks */,
				1B335AF82409F3170043F3C2 /* Resources */,
			);
			buildRules = (
			);
			dependencies = (
				1B335AFC2409F3170043F3C2 /* PBXTargetDependency */,
			);
			name = JustDoItTests;
			productName = JustDoItTests;
			productReference = 1B335AFA2409F3170043F3C2 /* JustDoItTests.xctest */;
			productType = "com.apple.product-type.bundle.unit-test";
		};
		1B335B042409F3170043F3C2 /* JustDoItUITests */ = {
			isa = PBXNativeTarget;
			buildConfigurationList = 1B335B142409F3170043F3C2 /* Build configuration list for PBXNativeTarget "JustDoItUITests" */;
			buildPhases = (
				1B335B012409F3170043F3C2 /* Sources */,
				1B335B022409F3170043F3C2 /* Frameworks */,
				1B335B032409F3170043F3C2 /* Resources */,
			);
			buildRules = (
			);
			dependencies = (
				1B335B072409F3170043F3C2 /* PBXTargetDependency */,
			);
			name = JustDoItUITests;
			productName = JustDoItUITests;
			productReference = 1B335B052409F3170043F3C2 /* JustDoItUITests.xctest */;
			productType = "com.apple.product-type.bundle.ui-testing";
		};
/* End PBXNativeTarget section */

/* Begin PBXProject section */
		1B335ADC2409F3160043F3C2 /* Project object */ = {
			isa = PBXProject;
			attributes = {
				LastSwiftUpdateCheck = 1130;
				LastUpgradeCheck = 1130;
				ORGANIZATIONNAME = studentadmin;
				TargetAttributes = {
					1B335AE32409F3160043F3C2 = {
						CreatedOnToolsVersion = 11.3.1;
					};
					1B335AF92409F3170043F3C2 = {
						CreatedOnToolsVersion = 11.3.1;
						TestTargetID = 1B335AE32409F3160043F3C2;
					};
					1B335B042409F3170043F3C2 = {
						CreatedOnToolsVersion = 11.3.1;
						TestTargetID = 1B335AE32409F3160043F3C2;
					};
				};
			};
			buildConfigurationList = 1B335ADF2409F3160043F3C2 /* Build configuration list for PBXProject "JustDoIt" */;
			compatibilityVersion = "Xcode 9.3";
			developmentRegion = en;
			hasScannedForEncodings = 0;
			knownRegions = (
				en,
				Base,
			);
			mainGroup = 1B335ADB2409F3160043F3C2;
			productRefGroup = 1B335AE52409F3160043F3C2 /* Products */;
			projectDirPath = "";
			projectRoot = "";
			targets = (
				1B335AE32409F3160043F3C2 /* JustDoIt */,
				1B335AF92409F3170043F3C2 /* JustDoItTests */,
				1B335B042409F3170043F3C2 /* JustDoItUITests */,
			);
		};
/* End PBXProject section */

/* Begin PBXResourcesBuildPhase section */
		1B335AE22409F3160043F3C2 /* Resources */ = {
			isa = PBXResourcesBuildPhase;
			buildActionMask = 2147483647;
			files = (
				1B335AF42409F3170043F3C2 /* LaunchScreen.storyboard in Resources */,
				1B335AF12409F3170043F3C2 /* Assets.xcassets in Resources */,
				1B335AEF2409F3160043F3C2 /* Main.storyboard in Resources */,
			);
			runOnlyForDeploymentPostprocessing = 0;
		};
		1B335AF82409F3170043F3C2 /* Resources */ = {
			isa = PBXResourcesBuildPhase;
			buildActionMask = 2147483647;
			files = (
			);
			runOnlyForDeploymentPostprocessing = 0;
		};
		1B335B032409F3170043F3C2 /* Resources */ = {
			isa = PBXResourcesBuildPhase;
			buildActionMask = 2147483647;
			files = (
			);
			runOnlyForDeploymentPostprocessing = 0;
		};
/* End PBXResourcesBuildPhase section */

/* Begin PBXSourcesBuildPhase section */
		1B335AE02409F3160043F3C2 /* Sources */ = {
			isa = PBXSourcesBuildPhase;
			buildActionMask = 2147483647;
			files = (
				1B335AEC2409F3160043F3C2 /* ViewController.swift in Sources */,
				1B335AE82409F3160043F3C2 /* AppDelegate.swift in Sources */,
				1B335AEA2409F3160043F3C2 /* SceneDelegate.swift in Sources */,
			);
			runOnlyForDeploymentPostprocessing = 0;
		};
		1B335AF62409F3170043F3C2 /* Sources */ = {
			isa = PBXSourcesBuildPhase;
			buildActionMask = 2147483647;
			files = (
			);
			runOnlyForDeploymentPostprocessing = 0;
		};
		1B335B012409F3170043F3C2 /* Sources */ = {
			isa = PBXSourcesBuildPhase;
			buildActionMask = 2147483647;
			files = (
			);
			runOnlyForDeploymentPostprocessing = 0;
		};
/* End PBXSourcesBuildPhase section */

/* Begin PBXTargetDependency section */
		1B335AFC2409F3170043F3C2 /* PBXTargetDependency */ = {
			isa = PBXTargetDependency;
			target = 1B335AE32409F3160043F3C2 /* JustDoIt */;
			targetProxy = 1B335AFB2409F3170043F3C2 /* PBXContainerItemProxy */;
		};
		1B335B072409F3170043F3C2 /* PBXTargetDependency */ = {
			isa = PBXTargetDependency;
			target = 1B335AE32409F3160043F3C2 /* JustDoIt */;
			targetProxy = 1B335B062409F3170043F3C2 /* PBXContainerItemProxy */;
		};
/* End PBXTargetDependency section */

/* Begin PBXVariantGroup section */
		1B335AED2409F3160043F3C2 /* Main.storyboard */ = {
			isa = PBXVariantGroup;
			children = (
				1B335AEE2409F3160043F3C2 /* Base */,
			);
			name = Main.storyboard;
			sourceTree = "<group>";
		};
		1B335AF22409F3170043F3C2 /* LaunchScreen.storyboard */ = {
			isa = PBXVariantGroup;
			children = (
				1B335AF32409F3170043F3C2 /* Base */,
			);
			name = LaunchScreen.storyboard;
			sourceTree = "<group>";
		};
/* End PBXVariantGroup section */

/* Begin XCBuildConfiguration section */
		1B335B0C2409F3170043F3C2 /* Debug */ = {
			isa = XCBuildConfiguration;
			buildSettings = {
				ALWAYS_SEARCH_USER_PATHS = NO;
				CLANG_ANALYZER_NONNULL = YES;
				CLANG_ANALYZER_NUMBER_OBJECT_CONVERSION = YES_AGGRESSIVE;
				CLANG_CXX_LANGUAGE_STANDARD = "gnu++14";
				CLANG_CXX_LIBRARY = "libc++";
				CLANG_ENABLE_MODULES = YES;
				CLANG_ENABLE_OBJC_ARC = YES;
				CLANG_ENABLE_OBJC_WEAK = YES;
				CLANG_WARN_BLOCK_CAPTURE_AUTORELEASING = YES;
				CLANG_WARN_BOOL_CONVERSION = YES;
				CLANG_WARN_COMMA = YES;
				CLANG_WARN_CONSTANT_CONVERSION = YES;
				CLANG_WARN_DEPRECATED_OBJC_IMPLEMENTATIONS = YES;
				CLANG_WARN_DIRECT_OBJC_ISA_USAGE = YES_ERROR;
				CLANG_WARN_DOCUMENTATION_COMMENTS = YES;
				CLANG_WARN_EMPTY_BODY = YES;
				CLANG_WARN_ENUM_CONVERSION = YES;
				CLANG_WARN_INFINITE_RECURSION = YES;
				CLANG_WARN_INT_CONVERSION = YES;
				CLANG_WARN_NON_LITERAL_NULL_CONVERSION = YES;
				CLANG_WARN_OBJC_IMPLICIT_RETAIN_SELF = YES;
				CLANG_WARN_OBJC_LITERAL_CONVERSION = YES;
				CLANG_WARN_OBJC_ROOT_CLASS = YES_ERROR;
				CLANG_WARN_RANGE_LOOP_ANALYSIS = YES;
				CLANG_WARN_STRICT_PROTOTYPES = YES;
				CLANG_WARN_SUSPICIOUS_MOVE = YES;
				CLANG_WARN_UNGUARDED_AVAILABILITY = YES_AGGRESSIVE;
				CLANG_WARN_UNREACHABLE_CODE = YES;
				CLANG_WARN__DUPLICATE_METHOD_MATCH = YES;
				COPY_PHASE_STRIP = NO;
				DEBUG_INFORMATION_FORMAT = dwarf;
				ENABLE_STRICT_OBJC_MSGSEND = YES;
				ENABLE_TESTABILITY = YES;
				GCC_C_LANGUAGE_STANDARD = gnu11;
				GCC_DYNAMIC_NO_PIC = NO;
				GCC_NO_COMMON_BLOCKS = YES;
				GCC_OPTIMIZATION_LEVEL = 0;
				GCC_PREPROCESSOR_DEFINITIONS = (
					"DEBUG=1",
					"$(inherited)",
				);
				GCC_WARN_64_TO_32_BIT_CONVERSION = YES;
				GCC_WARN_ABOUT_RETURN_TYPE = YES_ERROR;
				GCC_WARN_UNDECLARED_SELECTOR = YES;
				GCC_WARN_UNINITIALIZED_AUTOS = YES_AGGRESSIVE;
				GCC_WARN_UNUSED_FUNCTION = YES;
				GCC_WARN_UNUSED_VARIABLE = YES;
				IPHONEOS_DEPLOYMENT_TARGET = 13.2;
				MTL_ENABLE_DEBUG_INFO = INCLUDE_SOURCE;
				MTL_FAST_MATH = YES;
				ONLY_ACTIVE_ARCH = YES;
				SDKROOT = iphoneos;
				SWIFT_ACTIVE_COMPILATION_CONDITIONS = DEBUG;
				SWIFT_OPTIMIZATION_LEVEL = "-Onone";
			};
			name = Debug;
		};
		1B335B0D2409F3170043F3C2 /* Release */ = {
			isa = XCBuildConfiguration;
			buildSettings = {
				ALWAYS_SEARCH_USER_PATHS = NO;
				CLANG_ANALYZER_NONNULL = YES;
				CLANG_ANALYZER_NUMBER_OBJECT_CONVERSION = YES_AGGRESSIVE;
				CLANG_CXX_LANGUAGE_STANDARD = "gnu++14";
				CLANG_CXX_LIBRARY = "libc++";
				CLANG_ENABLE_MODULES = YES;
				CLANG_ENABLE_OBJC_ARC = YES;
				CLANG_ENABLE_OBJC_WEAK = YES;
				CLANG_WARN_BLOCK_CAPTURE_AUTORELEASING = YES;
				CLANG_WARN_BOOL_CONVERSION = YES;
				CLANG_WARN_COMMA = YES;
				CLANG_WARN_CONSTANT_CONVERSION = YES;
				CLANG_WARN_DEPRECATED_OBJC_IMPLEMENTATIONS = YES;
				CLANG_WARN_DIRECT_OBJC_ISA_USAGE = YES_ERROR;
				CLANG_WARN_DOCUMENTATION_COMMENTS = YES;
				CLANG_WARN_EMPTY_BODY = YES;
				CLANG_WARN_ENUM_CONVERSION = YES;
				CLANG_WARN_INFINITE_RECURSION = YES;
				CLANG_WARN_INT_CONVERSION = YES;
				CLANG_WARN_NON_LITERAL_NULL_CONVERSION = YES;
				CLANG_WARN_OBJC_IMPLICIT_RETAIN_SELF = YES;
				CLANG_WARN_OBJC_LITERAL_CONVERSION = YES;
				CLANG_WARN_OBJC_ROOT_CLASS = YES_ERROR;
				CLANG_WARN_RANGE_LOOP_ANALYSIS = YES;
				CLANG_WARN_STRICT_PROTOTYPES = YES;
				CLANG_WARN_SUSPICIOUS_MOVE = YES;
				CLANG_WARN_UNGUARDED_AVAILABILITY = YES_AGGRESSIVE;
				CLANG_WARN_UNREACHABLE_CODE = YES;
				CLANG_WARN__DUPLICATE_METHOD_MATCH = YES;
				COPY_PHASE_STRIP = NO;
				DEBUG_INFORMATION_FORMAT = "dwarf-with-dsym";
				ENABLE_NS_ASSERTIONS = NO;
				ENABLE_STRICT_OBJC_MSGSEND = YES;
				GCC_C_LANGUAGE_STANDARD = gnu11;
				GCC_NO_COMMON_BLOCKS = YES;
				GCC_WARN_64_TO_32_BIT_CONVERSION = YES;
				GCC_WARN_ABOUT_RETURN_TYPE = YES_ERROR;
				GCC_WARN_UNDECLARED_SELECTOR = YES;
				GCC_WARN_UNINITIALIZED_AUTOS = YES_AGGRESSIVE;
				GCC_WARN_UNUSED_FUNCTION = YES;
				GCC_WARN_UNUSED_VARIABLE = YES;
				IPHONEOS_DEPLOYMENT_TARGET = 13.2;
				MTL_ENABLE_DEBUG_INFO = NO;
				MTL_FAST_MATH = YES;
				SDKROOT = iphoneos;
				SWIFT_COMPILATION_MODE = wholemodule;
				SWIFT_OPTIMIZATION_LEVEL = "-O";
				VALIDATE_PRODUCT = YES;
			};
			name = Release;
		};
		1B335B0F2409F3170043F3C2 /* Debug */ = {
			isa = XCBuildConfiguration;
			buildSettings = {
				ASSETCATALOG_COMPILER_APPICON_NAME = AppIcon;
				CODE_SIGN_STYLE = Automatic;
				INFOPLIST_FILE = JustDoIt/Info.plist;
				LD_RUNPATH_SEARCH_PATHS = (
					"$(inherited)",
					"@executable_path/Frameworks",
				);
				PRODUCT_BUNDLE_IDENTIFIER = JustDoIt.JustDoIt;
				PRODUCT_NAME = "$(TARGET_NAME)";
				SWIFT_VERSION = 5.0;
				TARGETED_DEVICE_FAMILY = "1,2";
			};
			name = Debug;
		};
		1B335B102409F3170043F3C2 /* Release */ = {
			isa = XCBuildConfiguration;
			buildSettings = {
				ASSETCATALOG_COMPILER_APPICON_NAME = AppIcon;
				CODE_SIGN_STYLE = Automatic;
				INFOPLIST_FILE = JustDoIt/Info.plist;
				LD_RUNPATH_SEARCH_PATHS = (
					"$(inherited)",
					"@executable_path/Frameworks",
				);
				PRODUCT_BUNDLE_IDENTIFIER = JustDoIt.JustDoIt;
				PRODUCT_NAME = "$(TARGET_NAME)";
				SWIFT_VERSION = 5.0;
				TARGETED_DEVICE_FAMILY = "1,2";
			};
			name = Release;
		};
		1B335B122409F3170043F3C2 /* Debug */ = {
			isa = XCBuildConfiguration;
			buildSettings = {
				ALWAYS_EMBED_SWIFT_STANDARD_LIBRARIES = YES;
				BUNDLE_LOADER = "$(TEST_HOST)";
				CODE_SIGN_STYLE = Automatic;
				INFOPLIST_FILE = JustDoItTests/Info.plist;
				IPHONEOS_DEPLOYMENT_TARGET = 13.2;
				LD_RUNPATH_SEARCH_PATHS = (
					"$(inherited)",
					"@executable_path/Frameworks",
					"@loader_path/Frameworks",
				);
				PRODUCT_BUNDLE_IDENTIFIER = JustDoIt.JustDoItTests;
				PRODUCT_NAME = "$(TARGET_NAME)";
				SWIFT_VERSION = 5.0;
				TARGETED_DEVICE_FAMILY = "1,2";
				TEST_HOST = "$(BUILT_PRODUCTS_DIR)/JustDoIt.app/JustDoIt";
			};
			name = Debug;
		};
		1B335B132409F3170043F3C2 /* Release */ = {
			isa = XCBuildConfiguration;
			buildSettings = {
				ALWAYS_EMBED_SWIFT_STANDARD_LIBRARIES = YES;
				BUNDLE_LOADER = "$(TEST_HOST)";
				CODE_SIGN_STYLE = Automatic;
				INFOPLIST_FILE = JustDoItTests/Info.plist;
				IPHONEOS_DEPLOYMENT_TARGET = 13.2;
				LD_RUNPATH_SEARCH_PATHS = (
					"$(inherited)",
					"@executable_path/Frameworks",
					"@loader_path/Frameworks",
				);
				PRODUCT_BUNDLE_IDENTIFIER = JustDoIt.JustDoItTests;
				PRODUCT_NAME = "$(TARGET_NAME)";
				SWIFT_VERSION = 5.0;
				TARGETED_DEVICE_FAMILY = "1,2";
				TEST_HOST = "$(BUILT_PRODUCTS_DIR)/JustDoIt.app/JustDoIt";
			};
			name = Release;
		};
		1B335B152409F3170043F3C2 /* Debug */ = {
			isa = XCBuildConfiguration;
			buildSettings = {
				ALWAYS_EMBED_SWIFT_STANDARD_LIBRARIES = YES;
				CODE_SIGN_STYLE = Automatic;
				INFOPLIST_FILE = JustDoItUITests/Info.plist;
				LD_RUNPATH_SEARCH_PATHS = (
					"$(inherited)",
					"@executable_path/Frameworks",
					"@loader_path/Frameworks",
				);
				PRODUCT_BUNDLE_IDENTIFIER = JustDoIt.JustDoItUITests;
				PRODUCT_NAME = "$(TARGET_NAME)";
				SWIFT_VERSION = 5.0;
				TARGETED_DEVICE_FAMILY = "1,2";
				TEST_TARGET_NAME = JustDoIt;
			};
			name = Debug;
		};
		1B335B162409F3170043F3C2 /* Release */ = {
			isa = XCBuildConfiguration;
			buildSettings = {
				ALWAYS_EMBED_SWIFT_STANDARD_LIBRARIES = YES;
				CODE_SIGN_STYLE = Automatic;
				INFOPLIST_FILE = JustDoItUITests/Info.plist;
				LD_RUNPATH_SEARCH_PATHS = (
					"$(inherited)",
					"@executable_path/Frameworks",
					"@loader_path/Frameworks",
				);
				PRODUCT_BUNDLE_IDENTIFIER = JustDoIt.JustDoItUITests;
				PRODUCT_NAME = "$(TARGET_NAME)";
				SWIFT_VERSION = 5.0;
				TARGETED_DEVICE_FAMILY = "1,2";
				TEST_TARGET_NAME = JustDoIt;
			};
			name = Release;
		};
/* End XCBuildConfiguration section */

/* Begin XCConfigurationList section */
		1B335ADF2409F3160043F3C2 /* Build configuration list for PBXProject "JustDoIt" */ = {
			isa = XCConfigurationList;
			buildConfigurations = (
				1B335B0C2409F3170043F3C2 /* Debug */,
				1B335B0D2409F3170043F3C2 /* Release */,
			);
			defaultConfigurationIsVisible = 0;
			defaultConfigurationName = Release;
		};
		1B335B0E2409F3170043F3C2 /* Build configuration list for PBXNativeTarget "JustDoIt" */ = {
			isa = XCConfigurationList;
			buildConfigurations = (
				1B335B0F2409F3170043F3C2 /* Debug */,
				1B335B102409F3170043F3C2 /* Release */,
			);
			defaultConfigurationIsVisible = 0;
			defaultConfigurationName = Release;
		};
		1B335B112409F3170043F3C2 /* Build configuration list for PBXNativeTarget "JustDoItTests" */ = {
			isa = XCConfigurationList;
			buildConfigurations = (
				1B335B122409F3170043F3C2 /* Debug */,
				1B335B132409F3170043F3C2 /* Release */,
			);
			defaultConfigurationIsVisible = 0;
			defaultConfigurationName = Release;
		};
		1B335B142409F3170043F3C2 /* Build configuration list for PBXNativeTarget "JustDoItUITests" */ = {
			isa = XCConfigurationList;
			buildConfigurations = (
				1B335B152409F3170043F3C2 /* Debug */,
				1B335B162409F3170043F3C2 /* Release */,
			);
			defaultConfigurationIsVisible = 0;
			defaultConfigurationName = Release;
		};
/* End XCConfigurationList section */
	};
	rootObject = 1B335ADC2409F3160043F3C2 /* Project object */;
}
